
Microsoft Visual Studio Solution File, Format Version 12.00
# Visual Studio Version 16
VisualStudioVersion = 16.0.29509.3
MinimumVisualStudioVersion = 10.0.40219.1
Project("{FAE04EC0-301F-11D3-BF4B-00C04F79EFBC}") = "SampleApp", "SampleApp.csproj", "{FF6B5695-B267-4290-862C-42F89F1107A3}"
EndProject
Global
	GlobalSection(SolutionConfigurationPlatforms) = preSolution
		Debug|Any CPU = Debug|Any CPU
		Release|Any CPU = Release|Any CPU
	EndGlobalSection
	GlobalSection(ProjectConfigurationPlatforms) = postSolution
		{FF6B5695-B267-4290-862C-42F89F1107A3}.Debug|Any CPU.ActiveCfg = Debug|Any CPU
		{FF6B5695-B267-4290-862C-42F89F1107A3}.Debug|Any CPU.Build.0 = Debug|Any CPU
		{FF6B5695-B267-4290-862C-42F89F1107A3}.Release|Any CPU.ActiveCfg = Release|Any CPU
		{FF6B5695-B267-4290-862C-42F89F1107A3}.Release|Any CPU.Build.0 = Release|Any CPU
	EndGlobalSection
	GlobalSection(SolutionProperties) = preSolution
		HideSolutionNode = FALSE
	EndGlobalSection
	GlobalSection(ExtensibilityGlobals) = postSolution
		SolutionGuid = {4BFCF1A1-AFF9-4B14-816E-CE99DFE74049}
	EndGlobalSection
EndGlobal
